
Microsoft Visual Studio Solution File, Format Version 12.00
# Visual Studio Version 17
VisualStudioVersion = 17.7.34221.43
MinimumVisualStudioVersion = 10.0.40219.1
Project("{9A19103F-16F7-4668-BE54-9A1E7A4F7556}") = "Places.App", "src\Places.App\Places.App.csproj", "{751F60C5-0B55-4C93-8296-AA3492028AEB}"
EndProject
Project("{9A19103F-16F7-4668-BE54-9A1E7A4F7556}") = "Places.Persistence", "src\Places.Persistence\Places.Persistence.csproj", "{C8E62B17-74B3-4525-9373-F8428B8A298B}"
EndProject
Global
	GlobalSection(SolutionConfigurationPlatforms) = preSolution
		Debug|Any CPU = Debug|Any CPU
		Release|Any CPU = Release|Any CPU
	EndGlobalSection
	GlobalSection(ProjectConfigurationPlatforms) = postSolution
		{751F60C5-0B55-4C93-8296-AA3492028AEB}.Debug|Any CPU.ActiveCfg = Debug|Any CPU
		{751F60C5-0B55-4C93-8296-AA3492028AEB}.Debug|Any CPU.Build.0 = Debug|Any CPU
		{751F60C5-0B55-4C93-8296-AA3492028AEB}.Release|Any CPU.ActiveCfg = Release|Any CPU
		{751F60C5-0B55-4C93-8296-AA3492028AEB}.Release|Any CPU.Build.0 = Release|Any CPU
		{C8E62B17-74B3-4525-9373-F8428B8A298B}.Debug|Any CPU.ActiveCfg = Debug|Any CPU
		{C8E62B17-74B3-4525-9373-F8428B8A298B}.Debug|Any CPU.Build.0 = Debug|Any CPU
		{C8E62B17-74B3-4525-9373-F8428B8A298B}.Release|Any CPU.ActiveCfg = Release|Any CPU
		{C8E62B17-74B3-4525-9373-F8428B8A298B}.Release|Any CPU.Build.0 = Release|Any CPU
	EndGlobalSection
	GlobalSection(SolutionProperties) = preSolution
		HideSolutionNode = FALSE
	EndGlobalSection
	GlobalSection(ExtensibilityGlobals) = postSolution
		SolutionGuid = {95907791-E44E-4FDB-8323-D0EE87D9ECBA}
	EndGlobalSection
EndGlobal
